// !$*UTF8*$!
{
	archiveVersion = 1;
	classes = {
	};
	objectVersion = 56;
	objects = {

/* Begin PBXBuildFile section */
		B933ADC129EFE48E00486814 /* HabitDetailsView.swift in Sources */ = {isa = PBXBuildFile; fileRef = B933ADC029EFE48E00486814 /* HabitDetailsView.swift */; };
		B9E7292F29F108EF00A4448D /* HabitsVM.swift in Sources */ = {isa = PBXBuildFile; fileRef = B9E7292E29F108EF00A4448D /* HabitsVM.swift */; };
		B9E94BA329EE9A270090A51E /* HabitRabbitApp.swift in Sources */ = {isa = PBXBuildFile; fileRef = B9E94BA229EE9A270090A51E /* HabitRabbitApp.swift */; };
		B9E94BA529EE9A270090A51E /* ContentView.swift in Sources */ = {isa = PBXBuildFile; fileRef = B9E94BA429EE9A270090A51E /* ContentView.swift */; };
		B9E94BA729EE9A270090A51E /* Assets.xcassets in Resources */ = {isa = PBXBuildFile; fileRef = B9E94BA629EE9A270090A51E /* Assets.xcassets */; };
		B9E94BAA29EE9A270090A51E /* Preview Assets.xcassets in Resources */ = {isa = PBXBuildFile; fileRef = B9E94BA929EE9A270090A51E /* Preview Assets.xcassets */; };
		B9E94BB429EE9A280090A51E /* HabitRabbitTests.swift in Sources */ = {isa = PBXBuildFile; fileRef = B9E94BB329EE9A280090A51E /* HabitRabbitTests.swift */; };
		B9E94BBE29EE9A280090A51E /* HabitRabbitUITests.swift in Sources */ = {isa = PBXBuildFile; fileRef = B9E94BBD29EE9A280090A51E /* HabitRabbitUITests.swift */; };
		B9E94BC029EE9A280090A51E /* HabitRabbitUITestsLaunchTests.swift in Sources */ = {isa = PBXBuildFile; fileRef = B9E94BBF29EE9A280090A51E /* HabitRabbitUITestsLaunchTests.swift */; };
		B9E94BCD29EE9BD80090A51E /* Habit.swift in Sources */ = {isa = PBXBuildFile; fileRef = B9E94BCC29EE9BD80090A51E /* Habit.swift */; };
		B9E94BD029EEA60C0090A51E /* FirebaseAnalytics in Frameworks */ = {isa = PBXBuildFile; productRef = B9E94BCF29EEA60C0090A51E /* FirebaseAnalytics */; };
		B9E94BD229EEA60C0090A51E /* FirebaseAuth in Frameworks */ = {isa = PBXBuildFile; productRef = B9E94BD129EEA60C0090A51E /* FirebaseAuth */; };
		B9E94BD429EEA60C0090A51E /* FirebaseFirestore in Frameworks */ = {isa = PBXBuildFile; productRef = B9E94BD329EEA60C0090A51E /* FirebaseFirestore */; };
		B9E94BD629EEA60C0090A51E /* FirebaseFirestoreSwift in Frameworks */ = {isa = PBXBuildFile; productRef = B9E94BD529EEA60C0090A51E /* FirebaseFirestoreSwift */; };
		B9E94BDA29EEAA900090A51E /* GoogleService-Info.plist in Resources */ = {isa = PBXBuildFile; fileRef = B9E94BD929EEAA900090A51E /* GoogleService-Info.plist */; };
/* End PBXBuildFile section */

/* Begin PBXContainerItemProxy section */
		B9E94BB029EE9A280090A51E /* PBXContainerItemProxy */ = {
			isa = PBXContainerItemProxy;
			containerPortal = B9E94B9729EE9A270090A51E /* Project object */;
			proxyType = 1;
			remoteGlobalIDString = B9E94B9E29EE9A270090A51E;
			remoteInfo = HabitRabbit;
		};
		B9E94BBA29EE9A280090A51E /* PBXContainerItemProxy */ = {
			isa = PBXContainerItemProxy;
			containerPortal = B9E94B9729EE9A270090A51E /* Project object */;
			proxyType = 1;
			remoteGlobalIDString = B9E94B9E29EE9A270090A51E;
			remoteInfo = HabitRabbit;
		};
/* End PBXContainerItemProxy section */

/* Begin PBXFileReference section */
		B933ADC029EFE48E00486814 /* HabitDetailsView.swift */ = {isa = PBXFileReference; lastKnownFileType = sourcecode.swift; path = HabitDetailsView.swift; sourceTree = "<group>"; };
		B9E7292E29F108EF00A4448D /* HabitsVM.swift */ = {isa = PBXFileReference; lastKnownFileType = sourcecode.swift; path = HabitsVM.swift; sourceTree = "<group>"; };
		B9E94B9F29EE9A270090A51E /* HabitRabbit.app */ = {isa = PBXFileReference; explicitFileType = wrapper.application; includeInIndex = 0; path = HabitRabbit.app; sourceTree = BUILT_PRODUCTS_DIR; };
		B9E94BA229EE9A270090A51E /* HabitRabbitApp.swift */ = {isa = PBXFileReference; lastKnownFileType = sourcecode.swift; path = HabitRabbitApp.swift; sourceTree = "<group>"; };
		B9E94BA429EE9A270090A51E /* ContentView.swift */ = {isa = PBXFileReference; lastKnownFileType = sourcecode.swift; path = ContentView.swift; sourceTree = "<group>"; };
		B9E94BA629EE9A270090A51E /* Assets.xcassets */ = {isa = PBXFileReference; lastKnownFileType = folder.assetcatalog; path = Assets.xcassets; sourceTree = "<group>"; };
		B9E94BA929EE9A270090A51E /* Preview Assets.xcassets */ = {isa = PBXFileReference; lastKnownFileType = folder.assetcatalog; path = "Preview Assets.xcassets"; sourceTree = "<group>"; };
		B9E94BAF29EE9A280090A51E /* HabitRabbitTests.xctest */ = {isa = PBXFileReference; explicitFileType = wrapper.cfbundle; includeInIndex = 0; path = HabitRabbitTests.xctest; sourceTree = BUILT_PRODUCTS_DIR; };
		B9E94BB329EE9A280090A51E /* HabitRabbitTests.swift */ = {isa = PBXFileReference; lastKnownFileType = sourcecode.swift; path = HabitRabbitTests.swift; sourceTree = "<group>"; };
		B9E94BB929EE9A280090A51E /* HabitRabbitUITests.xctest */ = {isa = PBXFileReference; explicitFileType = wrapper.cfbundle; includeInIndex = 0; path = HabitRabbitUITests.xctest; sourceTree = BUILT_PRODUCTS_DIR; };
		B9E94BBD29EE9A280090A51E /* HabitRabbitUITests.swift */ = {isa = PBXFileReference; lastKnownFileType = sourcecode.swift; path = HabitRabbitUITests.swift; sourceTree = "<group>"; };
		B9E94BBF29EE9A280090A51E /* HabitRabbitUITestsLaunchTests.swift */ = {isa = PBXFileReference; lastKnownFileType = sourcecode.swift; path = HabitRabbitUITestsLaunchTests.swift; sourceTree = "<group>"; };
		B9E94BCC29EE9BD80090A51E /* Habit.swift */ = {isa = PBXFileReference; lastKnownFileType = sourcecode.swift; path = Habit.swift; sourceTree = "<group>"; };
		B9E94BD929EEAA900090A51E /* GoogleService-Info.plist */ = {isa = PBXFileReference; fileEncoding = 4; lastKnownFileType = text.plist.xml; path = "GoogleService-Info.plist"; sourceTree = "<group>"; };
/* End PBXFileReference section */

/* Begin PBXFrameworksBuildPhase section */
		B9E94B9C29EE9A270090A51E /* Frameworks */ = {
			isa = PBXFrameworksBuildPhase;
			buildActionMask = 2147483647;
			files = (
				B9E94BD029EEA60C0090A51E /* FirebaseAnalytics in Frameworks */,
				B9E94BD229EEA60C0090A51E /* FirebaseAuth in Frameworks */,
				B9E94BD429EEA60C0090A51E /* FirebaseFirestore in Frameworks */,
				B9E94BD629EEA60C0090A51E /* FirebaseFirestoreSwift in Frameworks */,
			);
			runOnlyForDeploymentPostprocessing = 0;
		};
		B9E94BAC29EE9A280090A51E /* Frameworks */ = {
			isa = PBXFrameworksBuildPhase;
			buildActionMask = 2147483647;
			files = (
			);
			runOnlyForDeploymentPostprocessing = 0;
		};
		B9E94BB629EE9A280090A51E /* Frameworks */ = {
			isa = PBXFrameworksBuildPhase;
			buildActionMask = 2147483647;
			files = (
			);
			runOnlyForDeploymentPostprocessing = 0;
		};
/* End PBXFrameworksBuildPhase section */

/* Begin PBXGroup section */
		B9E94B9629EE9A270090A51E = {
			isa = PBXGroup;
			children = (
				B9E94BA129EE9A270090A51E /* HabitRabbit */,
				B9E94BB229EE9A280090A51E /* HabitRabbitTests */,
				B9E94BBC29EE9A280090A51E /* HabitRabbitUITests */,
				B9E94BA029EE9A270090A51E /* Products */,
			);
			sourceTree = "<group>";
		};
		B9E94BA029EE9A270090A51E /* Products */ = {
			isa = PBXGroup;
			children = (
				B9E94B9F29EE9A270090A51E /* HabitRabbit.app */,
				B9E94BAF29EE9A280090A51E /* HabitRabbitTests.xctest */,
				B9E94BB929EE9A280090A51E /* HabitRabbitUITests.xctest */,
			);
			name = Products;
			sourceTree = "<group>";
		};
		B9E94BA129EE9A270090A51E /* HabitRabbit */ = {
			isa = PBXGroup;
			children = (
				B9E94BD929EEAA900090A51E /* GoogleService-Info.plist */,
				B9E94BA229EE9A270090A51E /* HabitRabbitApp.swift */,
				B9E94BA429EE9A270090A51E /* ContentView.swift */,
				B9E94BA629EE9A270090A51E /* Assets.xcassets */,
				B9E94BA829EE9A270090A51E /* Preview Content */,
				B9E94BCC29EE9BD80090A51E /* Habit.swift */,
				B933ADC029EFE48E00486814 /* HabitDetailsView.swift */,
				B9E7292E29F108EF00A4448D /* HabitsVM.swift */,
			);
			path = HabitRabbit;
			sourceTree = "<group>";
		};
		B9E94BA829EE9A270090A51E /* Preview Content */ = {
			isa = PBXGroup;
			children = (
				B9E94BA929EE9A270090A51E /* Preview Assets.xcassets */,
			);
			path = "Preview Content";
			sourceTree = "<group>";
		};
		B9E94BB229EE9A280090A51E /* HabitRabbitTests */ = {
			isa = PBXGroup;
			children = (
				B9E94BB329EE9A280090A51E /* HabitRabbitTests.swift */,
			);
			path = HabitRabbitTests;
			sourceTree = "<group>";
		};
		B9E94BBC29EE9A280090A51E /* HabitRabbitUITests */ = {
			isa = PBXGroup;
			children = (
				B9E94BBD29EE9A280090A51E /* HabitRabbitUITests.swift */,
				B9E94BBF29EE9A280090A51E /* HabitRabbitUITestsLaunchTests.swift */,
			);
			path = HabitRabbitUITests;
			sourceTree = "<group>";
		};
/* End PBXGroup section */

/* Begin PBXNativeTarget section */
		B9E94B9E29EE9A270090A51E /* HabitRabbit */ = {
			isa = PBXNativeTarget;
			buildConfigurationList = B9E94BC329EE9A280090A51E /* Build configuration list for PBXNativeTarget "HabitRabbit" */;
			buildPhases = (
				B9E94B9B29EE9A270090A51E /* Sources */,
				B9E94B9C29EE9A270090A51E /* Frameworks */,
				B9E94B9D29EE9A270090A51E /* Resources */,
			);
			buildRules = (
			);
			dependencies = (
			);
			name = HabitRabbit;
			packageProductDependencies = (
				B9E94BCF29EEA60C0090A51E /* FirebaseAnalytics */,
				B9E94BD129EEA60C0090A51E /* FirebaseAuth */,
				B9E94BD329EEA60C0090A51E /* FirebaseFirestore */,
				B9E94BD529EEA60C0090A51E /* FirebaseFirestoreSwift */,
			);
			productName = HabitRabbit;
			productReference = B9E94B9F29EE9A270090A51E /* HabitRabbit.app */;
			productType = "com.apple.product-type.application";
		};
		B9E94BAE29EE9A280090A51E /* HabitRabbitTests */ = {
			isa = PBXNativeTarget;
			buildConfigurationList = B9E94BC629EE9A280090A51E /* Build configuration list for PBXNativeTarget "HabitRabbitTests" */;
			buildPhases = (
				B9E94BAB29EE9A280090A51E /* Sources */,
				B9E94BAC29EE9A280090A51E /* Frameworks */,
				B9E94BAD29EE9A280090A51E /* Resources */,
			);
			buildRules = (
			);
			dependencies = (
				B9E94BB129EE9A280090A51E /* PBXTargetDependency */,
			);
			name = HabitRabbitTests;
			productName = HabitRabbitTests;
			productReference = B9E94BAF29EE9A280090A51E /* HabitRabbitTests.xctest */;
			productType = "com.apple.product-type.bundle.unit-test";
		};
		B9E94BB829EE9A280090A51E /* HabitRabbitUITests */ = {
			isa = PBXNativeTarget;
			buildConfigurationList = B9E94BC929EE9A280090A51E /* Build configuration list for PBXNativeTarget "HabitRabbitUITests" */;
			buildPhases = (
				B9E94BB529EE9A280090A51E /* Sources */,
				B9E94BB629EE9A280090A51E /* Frameworks */,
				B9E94BB729EE9A280090A51E /* Resources */,
			);
			buildRules = (
			);
			dependencies = (
				B9E94BBB29EE9A280090A51E /* PBXTargetDependency */,
			);
			name = HabitRabbitUITests;
			productName = HabitRabbitUITests;
			productReference = B9E94BB929EE9A280090A51E /* HabitRabbitUITests.xctest */;
			productType = "com.apple.product-type.bundle.ui-testing";
		};
/* End PBXNativeTarget section */

/* Begin PBXProject section */
		B9E94B9729EE9A270090A51E /* Project object */ = {
			isa = PBXProject;
			attributes = {
				BuildIndependentTargetsInParallel = 1;
				LastSwiftUpdateCheck = 1420;
				LastUpgradeCheck = 1420;
				TargetAttributes = {
					B9E94B9E29EE9A270090A51E = {
						CreatedOnToolsVersion = 14.2;
					};
					B9E94BAE29EE9A280090A51E = {
						CreatedOnToolsVersion = 14.2;
						TestTargetID = B9E94B9E29EE9A270090A51E;
					};
					B9E94BB829EE9A280090A51E = {
						CreatedOnToolsVersion = 14.2;
						TestTargetID = B9E94B9E29EE9A270090A51E;
					};
				};
			};
			buildConfigurationList = B9E94B9A29EE9A270090A51E /* Build configuration list for PBXProject "HabitRabbit" */;
			compatibilityVersion = "Xcode 14.0";
			developmentRegion = en;
			hasScannedForEncodings = 0;
			knownRegions = (
				en,
				Base,
			);
			mainGroup = B9E94B9629EE9A270090A51E;
			packageReferences = (
				B9E94BCE29EEA60C0090A51E /* XCRemoteSwiftPackageReference "firebase-ios-sdk" */,
			);
			productRefGroup = B9E94BA029EE9A270090A51E /* Products */;
			projectDirPath = "";
			projectRoot = "";
			targets = (
				B9E94B9E29EE9A270090A51E /* HabitRabbit */,
				B9E94BAE29EE9A280090A51E /* HabitRabbitTests */,
				B9E94BB829EE9A280090A51E /* HabitRabbitUITests */,
			);
		};
/* End PBXProject section */

/* Begin PBXResourcesBuildPhase section */
		B9E94B9D29EE9A270090A51E /* Resources */ = {
			isa = PBXResourcesBuildPhase;
			buildActionMask = 2147483647;
			files = (
				B9E94BAA29EE9A270090A51E /* Preview Assets.xcassets in Resources */,
				B9E94BA729EE9A270090A51E /* Assets.xcassets in Resources */,
				B9E94BDA29EEAA900090A51E /* GoogleService-Info.plist in Resources */,
			);
			runOnlyForDeploymentPostprocessing = 0;
		};
		B9E94BAD29EE9A280090A51E /* Resources */ = {
			isa = PBXResourcesBuildPhase;
			buildActionMask = 2147483647;
			files = (
			);
			runOnlyForDeploymentPostprocessing = 0;
		};
		B9E94BB729EE9A280090A51E /* Resources */ = {
			isa = PBXResourcesBuildPhase;
			buildActionMask = 2147483647;
			files = (
			);
			runOnlyForDeploymentPostprocessing = 0;
		};
/* End PBXResourcesBuildPhase section */

/* Begin PBXSourcesBuildPhase section */
		B9E94B9B29EE9A270090A51E /* Sources */ = {
			isa = PBXSourcesBuildPhase;
			buildActionMask = 2147483647;
			files = (
				B9E94BCD29EE9BD80090A51E /* Habit.swift in Sources */,
				B9E7292F29F108EF00A4448D /* HabitsVM.swift in Sources */,
				B9E94BA529EE9A270090A51E /* ContentView.swift in Sources */,
				B933ADC129EFE48E00486814 /* HabitDetailsView.swift in Sources */,
				B9E94BA329EE9A270090A51E /* HabitRabbitApp.swift in Sources */,
			);
			runOnlyForDeploymentPostprocessing = 0;
		};
		B9E94BAB29EE9A280090A51E /* Sources */ = {
			isa = PBXSourcesBuildPhase;
			buildActionMask = 2147483647;
			files = (
				B9E94BB429EE9A280090A51E /* HabitRabbitTests.swift in Sources */,
			);
			runOnlyForDeploymentPostprocessing = 0;
		};
		B9E94BB529EE9A280090A51E /* Sources */ = {
			isa = PBXSourcesBuildPhase;
			buildActionMask = 2147483647;
			files = (
				B9E94BBE29EE9A280090A51E /* HabitRabbitUITests.swift in Sources */,
				B9E94BC029EE9A280090A51E /* HabitRabbitUITestsLaunchTests.swift in Sources */,
			);
			runOnlyForDeploymentPostprocessing = 0;
		};
/* End PBXSourcesBuildPhase section */

/* Begin PBXTargetDependency section */
		B9E94BB129EE9A280090A51E /* PBXTargetDependency */ = {
			isa = PBXTargetDependency;
			target = B9E94B9E29EE9A270090A51E /* HabitRabbit */;
			targetProxy = B9E94BB029EE9A280090A51E /* PBXContainerItemProxy */;
		};
		B9E94BBB29EE9A280090A51E /* PBXTargetDependency */ = {
			isa = PBXTargetDependency;
			target = B9E94B9E29EE9A270090A51E /* HabitRabbit */;
			targetProxy = B9E94BBA29EE9A280090A51E /* PBXContainerItemProxy */;
		};
/* End PBXTargetDependency section */

/* Begin XCBuildConfiguration section */
		B9E94BC129EE9A280090A51E /* Debug */ = {
			isa = XCBuildConfiguration;
			buildSettings = {
				ALWAYS_SEARCH_USER_PATHS = NO;
				CLANG_ANALYZER_NONNULL = YES;
				CLANG_ANALYZER_NUMBER_OBJECT_CONVERSION = YES_AGGRESSIVE;
				CLANG_CXX_LANGUAGE_STANDARD = "gnu++20";
				CLANG_ENABLE_MODULES = YES;
				CLANG_ENABLE_OBJC_ARC = YES;
				CLANG_ENABLE_OBJC_WEAK = YES;
				CLANG_WARN_BLOCK_CAPTURE_AUTORELEASING = YES;
				CLANG_WARN_BOOL_CONVERSION = YES;
				CLANG_WARN_COMMA = YES;
				CLANG_WARN_CONSTANT_CONVERSION = YES;
				CLANG_WARN_DEPRECATED_OBJC_IMPLEMENTATIONS = YES;
				CLANG_WARN_DIRECT_OBJC_ISA_USAGE = YES_ERROR;
				CLANG_WARN_DOCUMENTATION_COMMENTS = YES;
				CLANG_WARN_EMPTY_BODY = YES;
				CLANG_WARN_ENUM_CONVERSION = YES;
				CLANG_WARN_INFINITE_RECURSION = YES;
				CLANG_WARN_INT_CONVERSION = YES;
				CLANG_WARN_NON_LITERAL_NULL_CONVERSION = YES;
				CLANG_WARN_OBJC_IMPLICIT_RETAIN_SELF = YES;
				CLANG_WARN_OBJC_LITERAL_CONVERSION = YES;
				CLANG_WARN_OBJC_ROOT_CLASS = YES_ERROR;
				CLANG_WARN_QUOTED_INCLUDE_IN_FRAMEWORK_HEADER = YES;
				CLANG_WARN_RANGE_LOOP_ANALYSIS = YES;
				CLANG_WARN_STRICT_PROTOTYPES = YES;
				CLANG_WARN_SUSPICIOUS_MOVE = YES;
				CLANG_WARN_UNGUARDED_AVAILABILITY = YES_AGGRESSIVE;
				CLANG_WARN_UNREACHABLE_CODE = YES;
				CLANG_WARN__DUPLICATE_METHOD_MATCH = YES;
				COPY_PHASE_STRIP = NO;
				DEBUG_INFORMATION_FORMAT = dwarf;
				ENABLE_STRICT_OBJC_MSGSEND = YES;
				ENABLE_TESTABILITY = YES;
				GCC_C_LANGUAGE_STANDARD = gnu11;
				GCC_DYNAMIC_NO_PIC = NO;
				GCC_NO_COMMON_BLOCKS = YES;
				GCC_OPTIMIZATION_LEVEL = 0;
				GCC_PREPROCESSOR_DEFINITIONS = (
					"DEBUG=1",
					"$(inherited)",
				);
				GCC_WARN_64_TO_32_BIT_CONVERSION = YES;
				GCC_WARN_ABOUT_RETURN_TYPE = YES_ERROR;
				GCC_WARN_UNDECLARED_SELECTOR = YES;
				GCC_WARN_UNINITIALIZED_AUTOS = YES_AGGRESSIVE;
				GCC_WARN_UNUSED_FUNCTION = YES;
				GCC_WARN_UNUSED_VARIABLE = YES;
				IPHONEOS_DEPLOYMENT_TARGET = 16.2;
				MTL_ENABLE_DEBUG_INFO = INCLUDE_SOURCE;
				MTL_FAST_MATH = YES;
				ONLY_ACTIVE_ARCH = YES;
				SDKROOT = iphoneos;
				SWIFT_ACTIVE_COMPILATION_CONDITIONS = DEBUG;
				SWIFT_OPTIMIZATION_LEVEL = "-Onone";
			};
			name = Debug;
		};
		B9E94BC229EE9A280090A51E /* Release */ = {
			isa = XCBuildConfiguration;
			buildSettings = {
				ALWAYS_SEARCH_USER_PATHS = NO;
				CLANG_ANALYZER_NONNULL = YES;
				CLANG_ANALYZER_NUMBER_OBJECT_CONVERSION = YES_AGGRESSIVE;
				CLANG_CXX_LANGUAGE_STANDARD = "gnu++20";
				CLANG_ENABLE_MODULES = YES;
				CLANG_ENABLE_OBJC_ARC = YES;
				CLANG_ENABLE_OBJC_WEAK = YES;
				CLANG_WARN_BLOCK_CAPTURE_AUTORELEASING = YES;
				CLANG_WARN_BOOL_CONVERSION = YES;
				CLANG_WARN_COMMA = YES;
				CLANG_WARN_CONSTANT_CONVERSION = YES;
				CLANG_WARN_DEPRECATED_OBJC_IMPLEMENTATIONS = YES;
				CLANG_WARN_DIRECT_OBJC_ISA_USAGE = YES_ERROR;
				CLANG_WARN_DOCUMENTATION_COMMENTS = YES;
				CLANG_WARN_EMPTY_BODY = YES;
				CLANG_WARN_ENUM_CONVERSION = YES;
				CLANG_WARN_INFINITE_RECURSION = YES;
				CLANG_WARN_INT_CONVERSION = YES;
				CLANG_WARN_NON_LITERAL_NULL_CONVERSION = YES;
				CLANG_WARN_OBJC_IMPLICIT_RETAIN_SELF = YES;
				CLANG_WARN_OBJC_LITERAL_CONVERSION = YES;
				CLANG_WARN_OBJC_ROOT_CLASS = YES_ERROR;
				CLANG_WARN_QUOTED_INCLUDE_IN_FRAMEWORK_HEADER = YES;
				CLANG_WARN_RANGE_LOOP_ANALYSIS = YES;
				CLANG_WARN_STRICT_PROTOTYPES = YES;
				CLANG_WARN_SUSPICIOUS_MOVE = YES;
				CLANG_WARN_UNGUARDED_AVAILABILITY = YES_AGGRESSIVE;
				CLANG_WARN_UNREACHABLE_CODE = YES;
				CLANG_WARN__DUPLICATE_METHOD_MATCH = YES;
				COPY_PHASE_STRIP = NO;
				DEBUG_INFORMATION_FORMAT = "dwarf-with-dsym";
				ENABLE_NS_ASSERTIONS = NO;
				ENABLE_STRICT_OBJC_MSGSEND = YES;
				GCC_C_LANGUAGE_STANDARD = gnu11;
				GCC_NO_COMMON_BLOCKS = YES;
				GCC_WARN_64_TO_32_BIT_CONVERSION = YES;
				GCC_WARN_ABOUT_RETURN_TYPE = YES_ERROR;
				GCC_WARN_UNDECLARED_SELECTOR = YES;
				GCC_WARN_UNINITIALIZED_AUTOS = YES_AGGRESSIVE;
				GCC_WARN_UNUSED_FUNCTION = YES;
				GCC_WARN_UNUSED_VARIABLE = YES;
				IPHONEOS_DEPLOYMENT_TARGET = 16.2;
				MTL_ENABLE_DEBUG_INFO = NO;
				MTL_FAST_MATH = YES;
				SDKROOT = iphoneos;
				SWIFT_COMPILATION_MODE = wholemodule;
				SWIFT_OPTIMIZATION_LEVEL = "-O";
				VALIDATE_PRODUCT = YES;
			};
			name = Release;
		};
		B9E94BC429EE9A280090A51E /* Debug */ = {
			isa = XCBuildConfiguration;
			buildSettings = {
				ASSETCATALOG_COMPILER_APPICON_NAME = AppIcon;
				ASSETCATALOG_COMPILER_GLOBAL_ACCENT_COLOR_NAME = AccentColor;
				CODE_SIGN_STYLE = Automatic;
				CURRENT_PROJECT_VERSION = 1;
				DEVELOPMENT_ASSET_PATHS = "\"HabitRabbit/Preview Content\"";
				ENABLE_PREVIEWS = YES;
				GENERATE_INFOPLIST_FILE = YES;
				INFOPLIST_KEY_UIApplicationSceneManifest_Generation = YES;
				INFOPLIST_KEY_UIApplicationSupportsIndirectInputEvents = YES;
				INFOPLIST_KEY_UILaunchScreen_Generation = YES;
				INFOPLIST_KEY_UISupportedInterfaceOrientations_iPad = "UIInterfaceOrientationPortrait UIInterfaceOrientationPortraitUpsideDown UIInterfaceOrientationLandscapeLeft UIInterfaceOrientationLandscapeRight";
				INFOPLIST_KEY_UISupportedInterfaceOrientations_iPhone = "UIInterfaceOrientationPortrait UIInterfaceOrientationLandscapeLeft UIInterfaceOrientationLandscapeRight";
				LD_RUNPATH_SEARCH_PATHS = (
					"$(inherited)",
					"@executable_path/Frameworks",
				);
				MARKETING_VERSION = 1.0;
				PRODUCT_BUNDLE_IDENTIFIER = com.example.HabitRabbit;
				PRODUCT_NAME = "$(TARGET_NAME)";
				SWIFT_EMIT_LOC_STRINGS = YES;
				SWIFT_VERSION = 5.0;
				TARGETED_DEVICE_FAMILY = "1,2";
			};
			name = Debug;
		};
		B9E94BC529EE9A280090A51E /* Release */ = {
			isa = XCBuildConfiguration;
			buildSettings = {
				ASSETCATALOG_COMPILER_APPICON_NAME = AppIcon;
				ASSETCATALOG_COMPILER_GLOBAL_ACCENT_COLOR_NAME = AccentColor;
				CODE_SIGN_STYLE = Automatic;
				CURRENT_PROJECT_VERSION = 1;
				DEVELOPMENT_ASSET_PATHS = "\"HabitRabbit/Preview Content\"";
				ENABLE_PREVIEWS = YES;
				GENERATE_INFOPLIST_FILE = YES;
				INFOPLIST_KEY_UIApplicationSceneManifest_Generation = YES;
				INFOPLIST_KEY_UIApplicationSupportsIndirectInputEvents = YES;
				INFOPLIST_KEY_UILaunchScreen_Generation = YES;
				INFOPLIST_KEY_UISupportedInterfaceOrientations_iPad = "UIInterfaceOrientationPortrait UIInterfaceOrientationPortraitUpsideDown UIInterfaceOrientationLandscapeLeft UIInterfaceOrientationLandscapeRight";
				INFOPLIST_KEY_UISupportedInterfaceOrientations_iPhone = "UIInterfaceOrientationPortrait UIInterfaceOrientationLandscapeLeft UIInterfaceOrientationLandscapeRight";
				LD_RUNPATH_SEARCH_PATHS = (
					"$(inherited)",
					"@executable_path/Frameworks",
				);
				MARKETING_VERSION = 1.0;
				PRODUCT_BUNDLE_IDENTIFIER = com.example.HabitRabbit;
				PRODUCT_NAME = "$(TARGET_NAME)";
				SWIFT_EMIT_LOC_STRINGS = YES;
				SWIFT_VERSION = 5.0;
				TARGETED_DEVICE_FAMILY = "1,2";
			};
			name = Release;
		};
		B9E94BC729EE9A280090A51E /* Debug */ = {
			isa = XCBuildConfiguration;
			buildSettings = {
				ALWAYS_EMBED_SWIFT_STANDARD_LIBRARIES = YES;
				BUNDLE_LOADER = "$(TEST_HOST)";
				CODE_SIGN_STYLE = Automatic;
				CURRENT_PROJECT_VERSION = 1;
				GENERATE_INFOPLIST_FILE = YES;
				IPHONEOS_DEPLOYMENT_TARGET = 16.2;
				MARKETING_VERSION = 1.0;
				PRODUCT_BUNDLE_IDENTIFIER = com.example.HabitRabbitTests;
				PRODUCT_NAME = "$(TARGET_NAME)";
				SWIFT_EMIT_LOC_STRINGS = NO;
				SWIFT_VERSION = 5.0;
				TARGETED_DEVICE_FAMILY = "1,2";
				TEST_HOST = "$(BUILT_PRODUCTS_DIR)/HabitRabbit.app/$(BUNDLE_EXECUTABLE_FOLDER_PATH)/HabitRabbit";
			};
			name = Debug;
		};
		B9E94BC829EE9A280090A51E /* Release */ = {
			isa = XCBuildConfiguration;
			buildSettings = {
				ALWAYS_EMBED_SWIFT_STANDARD_LIBRARIES = YES;
				BUNDLE_LOADER = "$(TEST_HOST)";
				CODE_SIGN_STYLE = Automatic;
				CURRENT_PROJECT_VERSION = 1;
				GENERATE_INFOPLIST_FILE = YES;
				IPHONEOS_DEPLOYMENT_TARGET = 16.2;
				MARKETING_VERSION = 1.0;
				PRODUCT_BUNDLE_IDENTIFIER = com.example.HabitRabbitTests;
				PRODUCT_NAME = "$(TARGET_NAME)";
				SWIFT_EMIT_LOC_STRINGS = NO;
				SWIFT_VERSION = 5.0;
				TARGETED_DEVICE_FAMILY = "1,2";
				TEST_HOST = "$(BUILT_PRODUCTS_DIR)/HabitRabbit.app/$(BUNDLE_EXECUTABLE_FOLDER_PATH)/HabitRabbit";
			};
			name = Release;
		};
		B9E94BCA29EE9A280090A51E /* Debug */ = {
			isa = XCBuildConfiguration;
			buildSettings = {
				ALWAYS_EMBED_SWIFT_STANDARD_LIBRARIES = YES;
				CODE_SIGN_STYLE = Automatic;
				CURRENT_PROJECT_VERSION = 1;
				GENERATE_INFOPLIST_FILE = YES;
				MARKETING_VERSION = 1.0;
				PRODUCT_BUNDLE_IDENTIFIER = com.example.HabitRabbitUITests;
				PRODUCT_NAME = "$(TARGET_NAME)";
				SWIFT_EMIT_LOC_STRINGS = NO;
				SWIFT_VERSION = 5.0;
				TARGETED_DEVICE_FAMILY = "1,2";
				TEST_TARGET_NAME = HabitRabbit;
			};
			name = Debug;
		};
		B9E94BCB29EE9A280090A51E /* Release */ = {
			isa = XCBuildConfiguration;
			buildSettings = {
				ALWAYS_EMBED_SWIFT_STANDARD_LIBRARIES = YES;
				CODE_SIGN_STYLE = Automatic;
				CURRENT_PROJECT_VERSION = 1;
				GENERATE_INFOPLIST_FILE = YES;
				MARKETING_VERSION = 1.0;
				PRODUCT_BUNDLE_IDENTIFIER = com.example.HabitRabbitUITests;
				PRODUCT_NAME = "$(TARGET_NAME)";
				SWIFT_EMIT_LOC_STRINGS = NO;
				SWIFT_VERSION = 5.0;
				TARGETED_DEVICE_FAMILY = "1,2";
				TEST_TARGET_NAME = HabitRabbit;
			};
			name = Release;
		};
/* End XCBuildConfiguration section */

/* Begin XCConfigurationList section */
		B9E94B9A29EE9A270090A51E /* Build configuration list for PBXProject "HabitRabbit" */ = {
			isa = XCConfigurationList;
			buildConfigurations = (
				B9E94BC129EE9A280090A51E /* Debug */,
				B9E94BC229EE9A280090A51E /* Release */,
			);
			defaultConfigurationIsVisible = 0;
			defaultConfigurationName = Release;
		};
		B9E94BC329EE9A280090A51E /* Build configuration list for PBXNativeTarget "HabitRabbit" */ = {
			isa = XCConfigurationList;
			buildConfigurations = (
				B9E94BC429EE9A280090A51E /* Debug */,
				B9E94BC529EE9A280090A51E /* Release */,
			);
			defaultConfigurationIsVisible = 0;
			defaultConfigurationName = Release;
		};
		B9E94BC629EE9A280090A51E /* Build configuration list for PBXNativeTarget "HabitRabbitTests" */ = {
			isa = XCConfigurationList;
			buildConfigurations = (
				B9E94BC729EE9A280090A51E /* Debug */,
				B9E94BC829EE9A280090A51E /* Release */,
			);
			defaultConfigurationIsVisible = 0;
			defaultConfigurationName = Release;
		};
		B9E94BC929EE9A280090A51E /* Build configuration list for PBXNativeTarget "HabitRabbitUITests" */ = {
			isa = XCConfigurationList;
			buildConfigurations = (
				B9E94BCA29EE9A280090A51E /* Debug */,
				B9E94BCB29EE9A280090A51E /* Release */,
			);
			defaultConfigurationIsVisible = 0;
			defaultConfigurationName = Release;
		};
/* End XCConfigurationList section */

/* Begin XCRemoteSwiftPackageReference section */
		B9E94BCE29EEA60C0090A51E /* XCRemoteSwiftPackageReference "firebase-ios-sdk" */ = {
			isa = XCRemoteSwiftPackageReference;
			repositoryURL = "https://github.com/firebase/firebase-ios-sdk";
			requirement = {
				branch = master;
				kind = branch;
			};
		};
/* End XCRemoteSwiftPackageReference section */

/* Begin XCSwiftPackageProductDependency section */
		B9E94BCF29EEA60C0090A51E /* FirebaseAnalytics */ = {
			isa = XCSwiftPackageProductDependency;
			package = B9E94BCE29EEA60C0090A51E /* XCRemoteSwiftPackageReference "firebase-ios-sdk" */;
			productName = FirebaseAnalytics;
		};
		B9E94BD129EEA60C0090A51E /* FirebaseAuth */ = {
			isa = XCSwiftPackageProductDependency;
			package = B9E94BCE29EEA60C0090A51E /* XCRemoteSwiftPackageReference "firebase-ios-sdk" */;
			productName = FirebaseAuth;
		};
		B9E94BD329EEA60C0090A51E /* FirebaseFirestore */ = {
			isa = XCSwiftPackageProductDependency;
			package = B9E94BCE29EEA60C0090A51E /* XCRemoteSwiftPackageReference "firebase-ios-sdk" */;
			productName = FirebaseFirestore;
		};
		B9E94BD529EEA60C0090A51E /* FirebaseFirestoreSwift */ = {
			isa = XCSwiftPackageProductDependency;
			package = B9E94BCE29EEA60C0090A51E /* XCRemoteSwiftPackageReference "firebase-ios-sdk" */;
			productName = FirebaseFirestoreSwift;
		};
/* End XCSwiftPackageProductDependency section */
	};
	rootObject = B9E94B9729EE9A270090A51E /* Project object */;
}
